
Microsoft Visual Studio Solution File, Format Version 12.00
# Visual Studio Version 16
VisualStudioVersion = 16.0.29424.173
MinimumVisualStudioVersion = 10.0.40219.1
Project("{FAE04EC0-301F-11D3-BF4B-00C04F79EFBC}") = "MonserLauncher", "MonserLauncher\MonserLauncher.csproj", "{121CA8F4-6D04-471C-8EDB-7826AC3AE039}"
EndProject
Global
	GlobalSection(SolutionConfigurationPlatforms) = preSolution
		Debug|Any CPU = Debug|Any CPU
		Release|Any CPU = Release|Any CPU
	EndGlobalSection
	GlobalSection(ProjectConfigurationPlatforms) = postSolution
		{121CA8F4-6D04-471C-8EDB-7826AC3AE039}.Debug|Any CPU.ActiveCfg = Debug|Any CPU
		{121CA8F4-6D04-471C-8EDB-7826AC3AE039}.Debug|Any CPU.Build.0 = Debug|Any CPU
		{121CA8F4-6D04-471C-8EDB-7826AC3AE039}.Release|Any CPU.ActiveCfg = Release|Any CPU
		{121CA8F4-6D04-471C-8EDB-7826AC3AE039}.Release|Any CPU.Build.0 = Release|Any CPU
	EndGlobalSection
	GlobalSection(SolutionProperties) = preSolution
		HideSolutionNode = FALSE
	EndGlobalSection
	GlobalSection(ExtensibilityGlobals) = postSolution
		SolutionGuid = {E83CF641-E06C-42A4-A738-4AA4B614ACB1}
	EndGlobalSection
EndGlobal
